
Microsoft Visual Studio Solution File, Format Version 12.00
# Visual Studio Version 17
VisualStudioVersion = 17.6.33717.318
MinimumVisualStudioVersion = 10.0.40219.1
Project("{9A19103F-16F7-4668-BE54-9A1E7A4F7556}") = "MledNew2023.MVC", "MledNew2023.MVC.csproj", "{C860CEFA-BD9B-4742-BF55-9866AF89F5B7}"
EndProject
Global
	GlobalSection(SolutionConfigurationPlatforms) = preSolution
		Debug|Any CPU = Debug|Any CPU
		Release|Any CPU = Release|Any CPU
	EndGlobalSection
	GlobalSection(ProjectConfigurationPlatforms) = postSolution
		{C860CEFA-BD9B-4742-BF55-9866AF89F5B7}.Debug|Any CPU.ActiveCfg = Debug|Any CPU
		{C860CEFA-BD9B-4742-BF55-9866AF89F5B7}.Debug|Any CPU.Build.0 = Debug|Any CPU
		{C860CEFA-BD9B-4742-BF55-9866AF89F5B7}.Release|Any CPU.ActiveCfg = Release|Any CPU
		{C860CEFA-BD9B-4742-BF55-9866AF89F5B7}.Release|Any CPU.Build.0 = Release|Any CPU
	EndGlobalSection
	GlobalSection(SolutionProperties) = preSolution
		HideSolutionNode = FALSE
	EndGlobalSection
	GlobalSection(ExtensibilityGlobals) = postSolution
		SolutionGuid = {72DE333D-3726-41AA-9152-0F0B19FA2B4C}
	EndGlobalSection
EndGlobal
